hash: d4a44ebce37d3ebb77226aeb1c79e45badad59c6f72cb0dd3d69087d474962a1
updated: 2018-03-06T01:42:57.3249295+02:00
imports:
- name: github.com/codegangsta/inject
  version: 33e0aa1cb7c019ccc3fbe049a8262a6403d30504
- name: github.com/codegangsta/martini
  version: 22fa46961aabd2665cf3f1343b146d20028f5071
- name: github.com/go-martini/martini
  version: 22fa46961aabd2665cf3f1343b146d20028f5071
- name: github.com/lib/pq
  version: 88edab0803230a3898347e77b474f8c1820a1f20
  subpackages:
  - oid
- name: github.com/martini-contrib/render
  version: ec18f8345a1181146728238980606fb1d6f40e8c
- name: github.com/oxtoacart/bpool
  version: 4e1c5567d7c2dd59fa4c7c83d34c2f3528b025d6
- name: golang.org/x/crypto
  version: 91a49db82a88618983a78a06c1cbd4e00ab749ab
  subpackages:
  - bcrypt
  - blowfish
- name: gopkg.in/robfig/cron.v2
  version: be2e0b0deed5a68ffee390b4583a13aff8321535
testImports: []
